// !$*UTF8*$!
{
	archiveVersion = 1;
	classes = {
	};
	objectVersion = 46;
	objects = {

/* Begin PBXBuildFile section */
		224C7530ED058B3BAC85FBEA /* Pods_iVolume.framework in Frameworks */ = {isa = PBXBuildFile; fileRef = 5058C973799E727DAD397E9A /* Pods_iVolume.framework */; };
		97010F261F90B9DD002EA54A /* ISSoundAdditions.m in Sources */ = {isa = PBXBuildFile; fileRef = 97010F251F90B9DD002EA54A /* ISSoundAdditions.m */; };
		972B15E11F90B14D00F3D645 /* AppDelegate.swift in Sources */ = {isa = PBXBuildFile; fileRef = 972B15E01F90B14D00F3D645 /* AppDelegate.swift */; };
		972B15E31F90B14D00F3D645 /* ViewController.swift in Sources */ = {isa = PBXBuildFile; fileRef = 972B15E21F90B14D00F3D645 /* ViewController.swift */; };
		972B15E51F90B14D00F3D645 /* Assets.xcassets in Resources */ = {isa = PBXBuildFile; fileRef = 972B15E41F90B14D00F3D645 /* Assets.xcassets */; };
		972B15E81F90B14D00F3D645 /* Main.storyboard in Resources */ = {isa = PBXBuildFile; fileRef = 972B15E61F90B14D00F3D645 /* Main.storyboard */; };
/* End PBXBuildFile section */

/* Begin PBXFileReference section */
		104DFC83E30E84AB57EDDFC4 /* Pods-iVolume.release.xcconfig */ = {isa = PBXFileReference; includeInIndex = 1; lastKnownFileType = text.xcconfig; name = "Pods-iVolume.release.xcconfig"; path = "Pods/Target Support Files/Pods-iVolume/Pods-iVolume.release.xcconfig"; sourceTree = "<group>"; };
		5058C973799E727DAD397E9A /* Pods_iVolume.framework */ = {isa = PBXFileReference; explicitFileType = wrapper.framework; includeInIndex = 0; path = Pods_iVolume.framework; sourceTree = BUILT_PRODUCTS_DIR; };
		67D7123BCF450E9C980A20FF /* Pods-iVolume.debug.xcconfig */ = {isa = PBXFileReference; includeInIndex = 1; lastKnownFileType = text.xcconfig; name = "Pods-iVolume.debug.xcconfig"; path = "Pods/Target Support Files/Pods-iVolume/Pods-iVolume.debug.xcconfig"; sourceTree = "<group>"; };
		97010F231F90B9DD002EA54A /* iVolume-Bridging-Header.h */ = {isa = PBXFileReference; lastKnownFileType = sourcecode.c.h; path = "iVolume-Bridging-Header.h"; sourceTree = "<group>"; };
		97010F241F90B9DD002EA54A /* ISSoundAdditions.h */ = {isa = PBXFileReference; fileEncoding = 4; lastKnownFileType = sourcecode.c.h; path = ISSoundAdditions.h; sourceTree = "<group>"; };
		97010F251F90B9DD002EA54A /* ISSoundAdditions.m */ = {isa = PBXFileReference; fileEncoding = 4; lastKnownFileType = sourcecode.c.objc; path = ISSoundAdditions.m; sourceTree = "<group>"; };
		972B15DD1F90B14D00F3D645 /* iVolume.app */ = {isa = PBXFileReference; explicitFileType = wrapper.application; includeInIndex = 0; path = iVolume.app; sourceTree = BUILT_PRODUCTS_DIR; };
		972B15E01F90B14D00F3D645 /* AppDelegate.swift */ = {isa = PBXFileReference; lastKnownFileType = sourcecode.swift; path = AppDelegate.swift; sourceTree = "<group>"; };
		972B15E21F90B14D00F3D645 /* ViewController.swift */ = {isa = PBXFileReference; lastKnownFileType = sourcecode.swift; path = ViewController.swift; sourceTree = "<group>"; };
		972B15E41F90B14D00F3D645 /* Assets.xcassets */ = {isa = PBXFileReference; lastKnownFileType = folder.assetcatalog; path = Assets.xcassets; sourceTree = "<group>"; };
		972B15E71F90B14D00F3D645 /* Base */ = {isa = PBXFileReference; lastKnownFileType = file.storyboard; name = Base; path = Base.lproj/Main.storyboard; sourceTree = "<group>"; };
		972B15E91F90B14D00F3D645 /* Info.plist */ = {isa = PBXFileReference; lastKnownFileType = text.plist.xml; path = Info.plist; sourceTree = "<group>"; };
/* End PBXFileReference section */

/* Begin PBXFrameworksBuildPhase section */
		972B15DA1F90B14D00F3D645 /* Frameworks */ = {
			isa = PBXFrameworksBuildPhase;
			buildActionMask = 2147483647;
			files = (
				224C7530ED058B3BAC85FBEA /* Pods_iVolume.framework in Frameworks */,
			);
			runOnlyForDeploymentPostprocessing = 0;
		};
/* End PBXFrameworksBuildPhase section */

/* Begin PBXGroup section */
		2532B383F3BB089287CF67EC /* Pods */ = {
			isa = PBXGroup;
			children = (
				67D7123BCF450E9C980A20FF /* Pods-iVolume.debug.xcconfig */,
				104DFC83E30E84AB57EDDFC4 /* Pods-iVolume.release.xcconfig */,
			);
			name = Pods;
			sourceTree = "<group>";
		};
		972B15D41F90B14D00F3D645 = {
			isa = PBXGroup;
			children = (
				972B15DF1F90B14D00F3D645 /* iVolume */,
				972B15DE1F90B14D00F3D645 /* Products */,
				2532B383F3BB089287CF67EC /* Pods */,
				C67E02370E3EA9586AE2726A /* Frameworks */,
			);
			sourceTree = "<group>";
		};
		972B15DE1F90B14D00F3D645 /* Products */ = {
			isa = PBXGroup;
			children = (
				972B15DD1F90B14D00F3D645 /* iVolume.app */,
			);
			name = Products;
			sourceTree = "<group>";
		};
		972B15DF1F90B14D00F3D645 /* iVolume */ = {
			isa = PBXGroup;
			children = (
				97010F241F90B9DD002EA54A /* ISSoundAdditions.h */,
				97010F251F90B9DD002EA54A /* ISSoundAdditions.m */,
				972B15E01F90B14D00F3D645 /* AppDelegate.swift */,
				972B15E21F90B14D00F3D645 /* ViewController.swift */,
				972B15E41F90B14D00F3D645 /* Assets.xcassets */,
				972B15E61F90B14D00F3D645 /* Main.storyboard */,
				972B15E91F90B14D00F3D645 /* Info.plist */,
				97010F231F90B9DD002EA54A /* iVolume-Bridging-Header.h */,
			);
			path = iVolume;
			sourceTree = "<group>";
		};
		C67E02370E3EA9586AE2726A /* Frameworks */ = {
			isa = PBXGroup;
			children = (
				5058C973799E727DAD397E9A /* Pods_iVolume.framework */,
			);
			name = Frameworks;
			sourceTree = "<group>";
		};
/* End PBXGroup section */

/* Begin PBXNativeTarget section */
		972B15DC1F90B14D00F3D645 /* iVolume */ = {
			isa = PBXNativeTarget;
			buildConfigurationList = 972B15EC1F90B14D00F3D645 /* Build configuration list for PBXNativeTarget "iVolume" */;
			buildPhases = (
				9446E8BE6B750498C1586494 /* [CP] Check Pods Manifest.lock */,
				972B15D91F90B14D00F3D645 /* Sources */,
				972B15DA1F90B14D00F3D645 /* Frameworks */,
				972B15DB1F90B14D00F3D645 /* Resources */,
				B5490FCE8E2A5105C018255C /* [CP] Embed Pods Frameworks */,
				16AA68C70F27802055E027AB /* [CP] Copy Pods Resources */,
			);
			buildRules = (
			);
			dependencies = (
			);
			name = iVolume;
			productName = iVolume;
			productReference = 972B15DD1F90B14D00F3D645 /* iVolume.app */;
			productType = "com.apple.product-type.application";
		};
/* End PBXNativeTarget section */

/* Begin PBXProject section */
		972B15D51F90B14D00F3D645 /* Project object */ = {
			isa = PBXProject;
			attributes = {
				LastSwiftUpdateCheck = 0830;
				LastUpgradeCheck = 0830;
				ORGANIZATIONNAME = "Jiahao Li";
				TargetAttributes = {
					972B15DC1F90B14D00F3D645 = {
						CreatedOnToolsVersion = 8.3.3;
						DevelopmentTeam = W5L5FV674S;
						LastSwiftMigration = 0830;
						ProvisioningStyle = Automatic;
					};
				};
			};
			buildConfigurationList = 972B15D81F90B14D00F3D645 /* Build configuration list for PBXProject "iVolume" */;
			compatibilityVersion = "Xcode 3.2";
			developmentRegion = English;
			hasScannedForEncodings = 0;
			knownRegions = (
				en,
				Base,
			);
			mainGroup = 972B15D41F90B14D00F3D645;
			productRefGroup = 972B15DE1F90B14D00F3D645 /* Products */;
			projectDirPath = "";
			projectRoot = "";
			targets = (
				972B15DC1F90B14D00F3D645 /* iVolume */,
			);
		};
/* End PBXProject section */

/* Begin PBXResourcesBuildPhase section */
		972B15DB1F90B14D00F3D645 /* Resources */ = {
			isa = PBXResourcesBuildPhase;
			buildActionMask = 2147483647;
			files = (
				972B15E51F90B14D00F3D645 /* Assets.xcassets in Resources */,
				972B15E81F90B14D00F3D645 /* Main.storyboard in Resources */,
			);
			runOnlyForDeploymentPostprocessing = 0;
		};
/* End PBXResourcesBuildPhase section */

/* Begin PBXShellScriptBuildPhase section */
		16AA68C70F27802055E027AB /* [CP] Copy Pods Resources */ = {
			isa = PBXShellScriptBuildPhase;
			buildActionMask = 2147483647;
			files = (
			);
			inputPaths = (
			);
			name = "[CP] Copy Pods Resources";
			outputPaths = (
			);
			runOnlyForDeploymentPostprocessing = 0;
			shellPath = /bin/sh;
			shellScript = "\"${SRCROOT}/Pods/Target Support Files/Pods-iVolume/Pods-iVolume-resources.sh\"\n";
			showEnvVarsInLog = 0;
		};
		9446E8BE6B750498C1586494 /* [CP] Check Pods Manifest.lock */ = {
			isa = PBXShellScriptBuildPhase;
			buildActionMask = 2147483647;
			files = (
			);
			inputPaths = (
			);
			name = "[CP] Check Pods Manifest.lock";
			outputPaths = (
			);
			runOnlyForDeploymentPostprocessing = 0;
			shellPath = /bin/sh;
			shellScript = "diff \"${PODS_ROOT}/../Podfile.lock\" \"${PODS_ROOT}/Manifest.lock\" > /dev/null\nif [ $? != 0 ] ; then\n    # print error to STDERR\n    echo \"error: The sandbox is not in sync with the Podfile.lock. Run 'pod install' or update your CocoaPods installation.\" >&2\n    exit 1\nfi\n";
			showEnvVarsInLog = 0;
		};
		B5490FCE8E2A5105C018255C /* [CP] Embed Pods Frameworks */ = {
			isa = PBXShellScriptBuildPhase;
			buildActionMask = 2147483647;
			files = (
			);
			inputPaths = (
			);
			name = "[CP] Embed Pods Frameworks";
			outputPaths = (
			);
			runOnlyForDeploymentPostprocessing = 0;
			shellPath = /bin/sh;
			shellScript = "\"${SRCROOT}/Pods/Target Support Files/Pods-iVolume/Pods-iVolume-frameworks.sh\"\n";
			showEnvVarsInLog = 0;
		};
/* End PBXShellScriptBuildPhase section */

/* Begin PBXSourcesBuildPhase section */
		972B15D91F90B14D00F3D645 /* Sources */ = {
			isa = PBXSourcesBuildPhase;
			buildActionMask = 2147483647;
			files = (
				972B15E31F90B14D00F3D645 /* ViewController.swift in Sources */,
				972B15E11F90B14D00F3D645 /* AppDelegate.swift in Sources */,
				97010F261F90B9DD002EA54A /* ISSoundAdditions.m in Sources */,
			);
			runOnlyForDeploymentPostprocessing = 0;
		};
/* End PBXSourcesBuildPhase section */

/* Begin PBXVariantGroup section */
		972B15E61F90B14D00F3D645 /* Main.storyboard */ = {
			isa = PBXVariantGroup;
			children = (
				972B15E71F90B14D00F3D645 /* Base */,
			);
			name = Main.storyboard;
			sourceTree = "<group>";
		};
/* End PBXVariantGroup section */

/* Begin XCBuildConfiguration section */
		972B15EA1F90B14D00F3D645 /* Debug */ = {
			isa = XCBuildConfiguration;
			buildSettings = {
				ALWAYS_SEARCH_USER_PATHS = NO;
				CLANG_ANALYZER_NONNULL = YES;
				CLANG_ANALYZER_NUMBER_OBJECT_CONVERSION = YES_AGGRESSIVE;
				CLANG_CXX_LANGUAGE_STANDARD = "gnu++0x";
				CLANG_CXX_LIBRARY = "libc++";
				CLANG_ENABLE_MODULES = YES;
				CLANG_ENABLE_OBJC_ARC = YES;
				CLANG_WARN_BOOL_CONVERSION = YES;
				CLANG_WARN_CONSTANT_CONVERSION = YES;
				CLANG_WARN_DIRECT_OBJC_ISA_USAGE = YES_ERROR;
				CLANG_WARN_DOCUMENTATION_COMMENTS = YES;
				CLANG_WARN_EMPTY_BODY = YES;
				CLANG_WARN_ENUM_CONVERSION = YES;
				CLANG_WARN_INFINITE_RECURSION = YES;
				CLANG_WARN_INT_CONVERSION = YES;
				CLANG_WARN_OBJC_ROOT_CLASS = YES_ERROR;
				CLANG_WARN_SUSPICIOUS_MOVE = YES;
				CLANG_WARN_UNREACHABLE_CODE = YES;
				CLANG_WARN__DUPLICATE_METHOD_MATCH = YES;
				CODE_SIGN_IDENTITY = "-";
				COPY_PHASE_STRIP = NO;
				DEBUG_INFORMATION_FORMAT = dwarf;
				ENABLE_STRICT_OBJC_MSGSEND = YES;
				ENABLE_TESTABILITY = YES;
				GCC_C_LANGUAGE_STANDARD = gnu99;
				GCC_DYNAMIC_NO_PIC = NO;
				GCC_NO_COMMON_BLOCKS = YES;
				GCC_OPTIMIZATION_LEVEL = 0;
				GCC_PREPROCESSOR_DEFINITIONS = (
					"DEBUG=1",
					"$(inherited)",
				);
				GCC_WARN_64_TO_32_BIT_CONVERSION = YES;
				GCC_WARN_ABOUT_RETURN_TYPE = YES_ERROR;
				GCC_WARN_UNDECLARED_SELECTOR = YES;
				GCC_WARN_UNINITIALIZED_AUTOS = YES_AGGRESSIVE;
				GCC_WARN_UNUSED_FUNCTION = YES;
				GCC_WARN_UNUSED_VARIABLE = YES;
				MACOSX_DEPLOYMENT_TARGET = 10.12;
				MTL_ENABLE_DEBUG_INFO = YES;
				ONLY_ACTIVE_ARCH = YES;
				SDKROOT = macosx;
				SWIFT_ACTIVE_COMPILATION_CONDITIONS = DEBUG;
				SWIFT_OPTIMIZATION_LEVEL = "-Onone";
			};
			name = Debug;
		};
		972B15EB1F90B14D00F3D645 /* Release */ = {
			isa = XCBuildConfiguration;
			buildSettings = {
				ALWAYS_SEARCH_USER_PATHS = NO;
				CLANG_ANALYZER_NONNULL = YES;
				CLANG_ANALYZER_NUMBER_OBJECT_CONVERSION = YES_AGGRESSIVE;
				CLANG_CXX_LANGUAGE_STANDARD = "gnu++0x";
				CLANG_CXX_LIBRARY = "libc++";
				CLANG_ENABLE_MODULES = YES;
				CLANG_ENABLE_OBJC_ARC = YES;
				CLANG_WARN_BOOL_CONVERSION = YES;
				CLANG_WARN_CONSTANT_CONVERSION = YES;
				CLANG_WARN_DIRECT_OBJC_ISA_USAGE = YES_ERROR;
				CLANG_WARN_DOCUMENTATION_COMMENTS = YES;
				CLANG_WARN_EMPTY_BODY = YES;
				CLANG_WARN_ENUM_CONVERSION = YES;
				CLANG_WARN_INFINITE_RECURSION = YES;
				CLANG_WARN_INT_CONVERSION = YES;
				CLANG_WARN_OBJC_ROOT_CLASS = YES_ERROR;
				CLANG_WARN_SUSPICIOUS_MOVE = YES;
				CLANG_WARN_UNREACHABLE_CODE = YES;
				CLANG_WARN__DUPLICATE_METHOD_MATCH = YES;
				CODE_SIGN_IDENTITY = "-";
				COPY_PHASE_STRIP = NO;
				DEBUG_INFORMATION_FORMAT = "dwarf-with-dsym";
				ENABLE_NS_ASSERTIONS = NO;
				ENABLE_STRICT_OBJC_MSGSEND = YES;
				GCC_C_LANGUAGE_STANDARD = gnu99;
				GCC_NO_COMMON_BLOCKS = YES;
				GCC_WARN_64_TO_32_BIT_CONVERSION = YES;
				GCC_WARN_ABOUT_RETURN_TYPE = YES_ERROR;
				GCC_WARN_UNDECLARED_SELECTOR = YES;
				GCC_WARN_UNINITIALIZED_AUTOS = YES_AGGRESSIVE;
				GCC_WARN_UNUSED_FUNCTION = YES;
				GCC_WARN_UNUSED_VARIABLE = YES;
				MACOSX_DEPLOYMENT_TARGET = 10.12;
				MTL_ENABLE_DEBUG_INFO = NO;
				SDKROOT = macosx;
				SWIFT_OPTIMIZATION_LEVEL = "-Owholemodule";
			};
			name = Release;
		};
		972B15ED1F90B14D00F3D645 /* Debug */ = {
			isa = XCBuildConfiguration;
			baseConfigurationReference = 67D7123BCF450E9C980A20FF /* Pods-iVolume.debug.xcconfig */;
			buildSettings = {
				ASSETCATALOG_COMPILER_APPICON_NAME = AppIcon;
				CLANG_ENABLE_MODULES = YES;
				COMBINE_HIDPI_IMAGES = YES;
				DEVELOPMENT_TEAM = W5L5FV674S;
				INFOPLIST_FILE = iVolume/Info.plist;
				LD_RUNPATH_SEARCH_PATHS = "$(inherited) @executable_path/../Frameworks";
				PRODUCT_BUNDLE_IDENTIFIER = me.ljh.iVolume;
				PRODUCT_NAME = "$(TARGET_NAME)";
				SWIFT_OBJC_BRIDGING_HEADER = "iVolume/iVolume-Bridging-Header.h";
				SWIFT_OPTIMIZATION_LEVEL = "-Onone";
				SWIFT_VERSION = 3.0;
			};
			name = Debug;
		};
		972B15EE1F90B14D00F3D645 /* Release */ = {
			isa = XCBuildConfiguration;
			baseConfigurationReference = 104DFC83E30E84AB57EDDFC4 /* Pods-iVolume.release.xcconfig */;
			buildSettings = {
				ASSETCATALOG_COMPILER_APPICON_NAME = AppIcon;
				CLANG_ENABLE_MODULES = YES;
				COMBINE_HIDPI_IMAGES = YES;
				DEVELOPMENT_TEAM = W5L5FV674S;
				INFOPLIST_FILE = iVolume/Info.plist;
				LD_RUNPATH_SEARCH_PATHS = "$(inherited) @executable_path/../Frameworks";
				PRODUCT_BUNDLE_IDENTIFIER = me.ljh.iVolume;
				PRODUCT_NAME = "$(TARGET_NAME)";
				SWIFT_OBJC_BRIDGING_HEADER = "iVolume/iVolume-Bridging-Header.h";
				SWIFT_VERSION = 3.0;
			};
			name = Release;
		};
/* End XCBuildConfiguration section */

/* Begin XCConfigurationList section */
		972B15D81F90B14D00F3D645 /* Build configuration list for PBXProject "iVolume" */ = {
			isa = XCConfigurationList;
			buildConfigurations = (
				972B15EA1F90B14D00F3D645 /* Debug */,
				972B15EB1F90B14D00F3D645 /* Release */,
			);
			defaultConfigurationIsVisible = 0;
			defaultConfigurationName = Release;
		};
		972B15EC1F90B14D00F3D645 /* Build configuration list for PBXNativeTarget "iVolume" */ = {
			isa = XCConfigurationList;
			buildConfigurations = (
				972B15ED1F90B14D00F3D645 /* Debug */,
				972B15EE1F90B14D00F3D645 /* Release */,
			);
			defaultConfigurationIsVisible = 0;
			defaultConfigurationName = Release;
		};
/* End XCConfigurationList section */
	};
	rootObject = 972B15D51F90B14D00F3D645 /* Project object */;
}
